
Microsoft Visual Studio Solution File, Format Version 12.00
# Visual Studio Version 17
VisualStudioVersion = 17.0.32014.148
MinimumVisualStudioVersion = 10.0.40219.1
Project("{FAE04EC0-301F-11D3-BF4B-00C04F79EFBC}") = "MusicLibrary", "MusicLibrary\MusicLibrary.csproj", "{299A2E76-869E-4744-946F-916E0B2A7698}"
EndProject
Global
	GlobalSection(SolutionConfigurationPlatforms) = preSolution
		Debug|Any CPU = Debug|Any CPU
		Release|Any CPU = Release|Any CPU
	EndGlobalSection
	GlobalSection(ProjectConfigurationPlatforms) = postSolution
		{299A2E76-869E-4744-946F-916E0B2A7698}.Debug|Any CPU.ActiveCfg = Debug|Any CPU
		{299A2E76-869E-4744-946F-916E0B2A7698}.Debug|Any CPU.Build.0 = Debug|Any CPU
		{299A2E76-869E-4744-946F-916E0B2A7698}.Release|Any CPU.ActiveCfg = Release|Any CPU
		{299A2E76-869E-4744-946F-916E0B2A7698}.Release|Any CPU.Build.0 = Release|Any CPU
	EndGlobalSection
	GlobalSection(SolutionProperties) = preSolution
		HideSolutionNode = FALSE
	EndGlobalSection
	GlobalSection(ExtensibilityGlobals) = postSolution
		SolutionGuid = {D3CF3148-6ED1-4BBF-83BC-C69FB208FE29}
	EndGlobalSection
EndGlobal
